
Microsoft Visual Studio Solution File, Format Version 12.00
# Visual Studio 2013
VisualStudioVersion = 12.0.21005.1
MinimumVisualStudioVersion = 10.0.40219.1
Project("{FAE04EC0-301F-11D3-BF4B-00C04F79EFBC}") = "Foosbot.UI", "Foosbot.UI\Foosbot.UI.csproj", "{DDC67EFD-E3E2-40D1-8526-CFBC50445F60}"
	ProjectSection(ProjectDependencies) = postProject
		{861B4209-391C-4FC2-9C83-1F0449359DDC} = {861B4209-391C-4FC2-9C83-1F0449359DDC}
		{2A620FBF-4C68-486D-8319-E22530E079E4} = {2A620FBF-4C68-486D-8319-E22530E079E4}
	EndProjectSection
EndProject
Project("{FAE04EC0-301F-11D3-BF4B-00C04F79EFBC}") = "Foosbot.Common", "Foosbot.Common\Foosbot.Common.csproj", "{2DE4F554-4B27-4583-98BC-6772D0652B81}"
	ProjectSection(ProjectDependencies) = postProject
		{CE009BFA-5EF6-4153-B2A1-2FA79698A9AE} = {CE009BFA-5EF6-4153-B2A1-2FA79698A9AE}
	EndProjectSection
EndProject
Project("{FAE04EC0-301F-11D3-BF4B-00C04F79EFBC}") = "Foosbot.DecisionUnit", "Foosbot.DecisionUnit\Foosbot.DecisionUnit.csproj", "{D9A1501A-4B90-4835-96C1-B847BA54026D}"
EndProject
Project("{2150E333-8FDC-42A3-9474-1A3956D46DE8}") = "Externals", "Externals", "{33FFCBD0-6414-4E64-9AFB-D1AFA146FAEB}"
EndProject
Project("{FAE04EC0-301F-11D3-BF4B-00C04F79EFBC}") = "Foosbot.VectorCalculation", "Foosbot.VectorCalculation\Foosbot.VectorCalculation.csproj", "{023C6C34-E785-4786-86AE-1B2D8DAA06BF}"
	ProjectSection(ProjectDependencies) = postProject
		{861B4209-391C-4FC2-9C83-1F0449359DDC} = {861B4209-391C-4FC2-9C83-1F0449359DDC}
	EndProjectSection
EndProject
Project("{FAE04EC0-301F-11D3-BF4B-00C04F79EFBC}") = "Foosbot.CommunicationLayer", "Foosbot.CommunicationLayer\Foosbot.CommunicationLayer.csproj", "{0629D0DC-E6CB-45A1-B0D3-02AEC535A800}"
EndProject
Project("{2150E333-8FDC-42A3-9474-1A3956D46DE8}") = "Testing", "Testing", "{0769A23B-9177-407E-A0A5-602D96AF517C}"
EndProject
Project("{FAE04EC0-301F-11D3-BF4B-00C04F79EFBC}") = "DirectShowLib-2008", "External\DirectShowLib\src\DirectShowLib-2008.csproj", "{CE009BFA-5EF6-4153-B2A1-2FA79698A9AE}"
EndProject
Project("{2150E333-8FDC-42A3-9474-1A3956D46DE8}") = "Solution Items", "Solution Items", "{0C2F78F9-8268-4910-9110-0559764EB3AD}"
	ProjectSection(SolutionItems) = preProject
		bin\config.ini = bin\config.ini
		External\NSubstitute\NSubstitute.dll = External\NSubstitute\NSubstitute.dll
	EndProjectSection
EndProject
Project("{FAE04EC0-301F-11D3-BF4B-00C04F79EFBC}") = "Foosbot.VectorCalculationTest", "Foosbot.VectorCalculationTest\Foosbot.VectorCalculationTest.csproj", "{F4AE2316-359B-4A83-9361-2C1EBD701A62}"
EndProject
Project("{FAE04EC0-301F-11D3-BF4B-00C04F79EFBC}") = "Foosbot.ArduinoManualTests", "ArduinoManualTests\Foosbot.ArduinoManualTests.csproj", "{33953F77-9F27-4BCA-BC38-5F70A38F30ED}"
EndProject
Project("{FAE04EC0-301F-11D3-BF4B-00C04F79EFBC}") = "Foosbot.DecisionUnitTest", "DecisionUnitTest\Foosbot.DecisionUnitTest.csproj", "{497943E7-F2A6-42EC-AF16-804AEB5C897D}"
EndProject
Project("{FAE04EC0-301F-11D3-BF4B-00C04F79EFBC}") = "Foosbot.CommunicationLayerTest", "Foosbot.CommunicationLayerTest\Foosbot.CommunicationLayerTest.csproj", "{443B34D7-1E51-447E-941D-86DDF63D471C}"
EndProject
Project("{FAE04EC0-301F-11D3-BF4B-00C04F79EFBC}") = "Foosbot.ImageProcessingUnit", "Foosbot.ImageProcessingUnit\Foosbot.ImageProcessingUnit.csproj", "{861B4209-391C-4FC2-9C83-1F0449359DDC}"
EndProject
Project("{FAE04EC0-301F-11D3-BF4B-00C04F79EFBC}") = "Foosbot.DevelopmentDemo", "Foosbot.DevelopmentDemo\Foosbot.DevelopmentDemo.csproj", "{2A620FBF-4C68-486D-8319-E22530E079E4}"
EndProject
Project("{FAE04EC0-301F-11D3-BF4B-00C04F79EFBC}") = "Foosbot.ImageProcessingUnitTest", "Foosbot.ImageProcessingUnitTest\Foosbot.ImageProcessingUnitTest.csproj", "{9AD865C6-5C1C-4CBE-B76D-31075FD6C252}"
EndProject
Project("{FAE04EC0-301F-11D3-BF4B-00C04F79EFBC}") = "EasyLog", "External\EasyLog\EasyLog\EasyLog.csproj", "{1C39DD88-9B43-4B0F-8CBC-226470B761A6}"
EndProject
Global
	GlobalSection(SolutionConfigurationPlatforms) = preSolution
		Debug|Any CPU = Debug|Any CPU
		Debug|Mixed Platforms = Debug|Mixed Platforms
		Debug|Win32 = Debug|Win32
		Release|Any CPU = Release|Any CPU
		Release|Mixed Platforms = Release|Mixed Platforms
		Release|Win32 = Release|Win32
	EndGlobalSection
	GlobalSection(ProjectConfigurationPlatforms) = postSolution
		{DDC67EFD-E3E2-40D1-8526-CFBC50445F60}.Debug|Any CPU.ActiveCfg = Debug|Any CPU
		{DDC67EFD-E3E2-40D1-8526-CFBC50445F60}.Debug|Any CPU.Build.0 = Debug|Any CPU
		{DDC67EFD-E3E2-40D1-8526-CFBC50445F60}.Debug|Mixed Platforms.ActiveCfg = Debug|Any CPU
		{DDC67EFD-E3E2-40D1-8526-CFBC50445F60}.Debug|Mixed Platforms.Build.0 = Debug|Any CPU
		{DDC67EFD-E3E2-40D1-8526-CFBC50445F60}.Debug|Win32.ActiveCfg = Debug|Any CPU
		{DDC67EFD-E3E2-40D1-8526-CFBC50445F60}.Release|Any CPU.ActiveCfg = Release|Any CPU
		{DDC67EFD-E3E2-40D1-8526-CFBC50445F60}.Release|Any CPU.Build.0 = Release|Any CPU
		{DDC67EFD-E3E2-40D1-8526-CFBC50445F60}.Release|Mixed Platforms.ActiveCfg = Release|Any CPU
		{DDC67EFD-E3E2-40D1-8526-CFBC50445F60}.Release|Mixed Platforms.Build.0 = Release|Any CPU
		{DDC67EFD-E3E2-40D1-8526-CFBC50445F60}.Release|Win32.ActiveCfg = Release|Any CPU
		{2DE4F554-4B27-4583-98BC-6772D0652B81}.Debug|Any CPU.ActiveCfg = Debug|Any CPU
		{2DE4F554-4B27-4583-98BC-6772D0652B81}.Debug|Any CPU.Build.0 = Debug|Any CPU
		{2DE4F554-4B27-4583-98BC-6772D0652B81}.Debug|Mixed Platforms.ActiveCfg = Debug|Any CPU
		{2DE4F554-4B27-4583-98BC-6772D0652B81}.Debug|Mixed Platforms.Build.0 = Debug|Any CPU
		{2DE4F554-4B27-4583-98BC-6772D0652B81}.Debug|Win32.ActiveCfg = Debug|Any CPU
		{2DE4F554-4B27-4583-98BC-6772D0652B81}.Release|Any CPU.ActiveCfg = Release|Any CPU
		{2DE4F554-4B27-4583-98BC-6772D0652B81}.Release|Any CPU.Build.0 = Release|Any CPU
		{2DE4F554-4B27-4583-98BC-6772D0652B81}.Release|Mixed Platforms.ActiveCfg = Release|Any CPU
		{2DE4F554-4B27-4583-98BC-6772D0652B81}.Release|Mixed Platforms.Build.0 = Release|Any CPU
		{2DE4F554-4B27-4583-98BC-6772D0652B81}.Release|Win32.ActiveCfg = Release|Any CPU
		{D9A1501A-4B90-4835-96C1-B847BA54026D}.Debug|Any CPU.ActiveCfg = Debug|Any CPU
		{D9A1501A-4B90-4835-96C1-B847BA54026D}.Debug|Any CPU.Build.0 = Debug|Any CPU
		{D9A1501A-4B90-4835-96C1-B847BA54026D}.Debug|Mixed Platforms.ActiveCfg = Debug|Any CPU
		{D9A1501A-4B90-4835-96C1-B847BA54026D}.Debug|Mixed Platforms.Build.0 = Debug|Any CPU
		{D9A1501A-4B90-4835-96C1-B847BA54026D}.Debug|Win32.ActiveCfg = Debug|Any CPU
		{D9A1501A-4B90-4835-96C1-B847BA54026D}.Release|Any CPU.ActiveCfg = Release|Any CPU
		{D9A1501A-4B90-4835-96C1-B847BA54026D}.Release|Any CPU.Build.0 = Release|Any CPU
		{D9A1501A-4B90-4835-96C1-B847BA54026D}.Release|Mixed Platforms.ActiveCfg = Release|Any CPU
		{D9A1501A-4B90-4835-96C1-B847BA54026D}.Release|Mixed Platforms.Build.0 = Release|Any CPU
		{D9A1501A-4B90-4835-96C1-B847BA54026D}.Release|Win32.ActiveCfg = Release|Any CPU
		{023C6C34-E785-4786-86AE-1B2D8DAA06BF}.Debug|Any CPU.ActiveCfg = Debug|Any CPU
		{023C6C34-E785-4786-86AE-1B2D8DAA06BF}.Debug|Any CPU.Build.0 = Debug|Any CPU
		{023C6C34-E785-4786-86AE-1B2D8DAA06BF}.Debug|Mixed Platforms.ActiveCfg = Debug|Any CPU
		{023C6C34-E785-4786-86AE-1B2D8DAA06BF}.Debug|Mixed Platforms.Build.0 = Debug|Any CPU
		{023C6C34-E785-4786-86AE-1B2D8DAA06BF}.Debug|Win32.ActiveCfg = Debug|Any CPU
		{023C6C34-E785-4786-86AE-1B2D8DAA06BF}.Release|Any CPU.ActiveCfg = Release|Any CPU
		{023C6C34-E785-4786-86AE-1B2D8DAA06BF}.Release|Any CPU.Build.0 = Release|Any CPU
		{023C6C34-E785-4786-86AE-1B2D8DAA06BF}.Release|Mixed Platforms.ActiveCfg = Release|Any CPU
		{023C6C34-E785-4786-86AE-1B2D8DAA06BF}.Release|Mixed Platforms.Build.0 = Release|Any CPU
		{023C6C34-E785-4786-86AE-1B2D8DAA06BF}.Release|Win32.ActiveCfg = Release|Any CPU
		{0629D0DC-E6CB-45A1-B0D3-02AEC535A800}.Debug|Any CPU.ActiveCfg = Debug|Any CPU
		{0629D0DC-E6CB-45A1-B0D3-02AEC535A800}.Debug|Any CPU.Build.0 = Debug|Any CPU
		{0629D0DC-E6CB-45A1-B0D3-02AEC535A800}.Debug|Mixed Platforms.ActiveCfg = Debug|Any CPU
		{0629D0DC-E6CB-45A1-B0D3-02AEC535A800}.Debug|Mixed Platforms.Build.0 = Debug|Any CPU
		{0629D0DC-E6CB-45A1-B0D3-02AEC535A800}.Debug|Win32.ActiveCfg = Debug|Any CPU
		{0629D0DC-E6CB-45A1-B0D3-02AEC535A800}.Release|Any CPU.ActiveCfg = Release|Any CPU
		{0629D0DC-E6CB-45A1-B0D3-02AEC535A800}.Release|Any CPU.Build.0 = Release|Any CPU
		{0629D0DC-E6CB-45A1-B0D3-02AEC535A800}.Release|Mixed Platforms.ActiveCfg = Release|Any CPU
		{0629D0DC-E6CB-45A1-B0D3-02AEC535A800}.Release|Mixed Platforms.Build.0 = Release|Any CPU
		{0629D0DC-E6CB-45A1-B0D3-02AEC535A800}.Release|Win32.ActiveCfg = Release|Any CPU
		{CE009BFA-5EF6-4153-B2A1-2FA79698A9AE}.Debug|Any CPU.ActiveCfg = Debug|Any CPU
		{CE009BFA-5EF6-4153-B2A1-2FA79698A9AE}.Debug|Any CPU.Build.0 = Debug|Any CPU
		{CE009BFA-5EF6-4153-B2A1-2FA79698A9AE}.Debug|Mixed Platforms.ActiveCfg = Debug|Any CPU
		{CE009BFA-5EF6-4153-B2A1-2FA79698A9AE}.Debug|Mixed Platforms.Build.0 = Debug|Any CPU
		{CE009BFA-5EF6-4153-B2A1-2FA79698A9AE}.Debug|Win32.ActiveCfg = Debug|Any CPU
		{CE009BFA-5EF6-4153-B2A1-2FA79698A9AE}.Release|Any CPU.ActiveCfg = Release|Any CPU
		{CE009BFA-5EF6-4153-B2A1-2FA79698A9AE}.Release|Any CPU.Build.0 = Release|Any CPU
		{CE009BFA-5EF6-4153-B2A1-2FA79698A9AE}.Release|Mixed Platforms.ActiveCfg = Release|Any CPU
		{CE009BFA-5EF6-4153-B2A1-2FA79698A9AE}.Release|Mixed Platforms.Build.0 = Release|Any CPU
		{CE009BFA-5EF6-4153-B2A1-2FA79698A9AE}.Release|Win32.ActiveCfg = Release|Any CPU
		{F4AE2316-359B-4A83-9361-2C1EBD701A62}.Debug|Any CPU.ActiveCfg = Debug|Any CPU
		{F4AE2316-359B-4A83-9361-2C1EBD701A62}.Debug|Any CPU.Build.0 = Debug|Any CPU
		{F4AE2316-359B-4A83-9361-2C1EBD701A62}.Debug|Mixed Platforms.ActiveCfg = Debug|Any CPU
		{F4AE2316-359B-4A83-9361-2C1EBD701A62}.Debug|Mixed Platforms.Build.0 = Debug|Any CPU
		{F4AE2316-359B-4A83-9361-2C1EBD701A62}.Debug|Win32.ActiveCfg = Debug|Any CPU
		{F4AE2316-359B-4A83-9361-2C1EBD701A62}.Release|Any CPU.ActiveCfg = Release|Any CPU
		{F4AE2316-359B-4A83-9361-2C1EBD701A62}.Release|Any CPU.Build.0 = Release|Any CPU
		{F4AE2316-359B-4A83-9361-2C1EBD701A62}.Release|Mixed Platforms.ActiveCfg = Release|Any CPU
		{F4AE2316-359B-4A83-9361-2C1EBD701A62}.Release|Mixed Platforms.Build.0 = Release|Any CPU
		{F4AE2316-359B-4A83-9361-2C1EBD701A62}.Release|Win32.ActiveCfg = Release|Any CPU
		{33953F77-9F27-4BCA-BC38-5F70A38F30ED}.Debug|Any CPU.ActiveCfg = Debug|Any CPU
		{33953F77-9F27-4BCA-BC38-5F70A38F30ED}.Debug|Any CPU.Build.0 = Debug|Any CPU
		{33953F77-9F27-4BCA-BC38-5F70A38F30ED}.Debug|Mixed Platforms.ActiveCfg = Debug|Any CPU
		{33953F77-9F27-4BCA-BC38-5F70A38F30ED}.Debug|Mixed Platforms.Build.0 = Debug|Any CPU
		{33953F77-9F27-4BCA-BC38-5F70A38F30ED}.Debug|Win32.ActiveCfg = Debug|Any CPU
		{33953F77-9F27-4BCA-BC38-5F70A38F30ED}.Release|Any CPU.ActiveCfg = Release|Any CPU
		{33953F77-9F27-4BCA-BC38-5F70A38F30ED}.Release|Any CPU.Build.0 = Release|Any CPU
		{33953F77-9F27-4BCA-BC38-5F70A38F30ED}.Release|Mixed Platforms.ActiveCfg = Release|Any CPU
		{33953F77-9F27-4BCA-BC38-5F70A38F30ED}.Release|Mixed Platforms.Build.0 = Release|Any CPU
		{33953F77-9F27-4BCA-BC38-5F70A38F30ED}.Release|Win32.ActiveCfg = Release|Any CPU
		{497943E7-F2A6-42EC-AF16-804AEB5C897D}.Debug|Any CPU.ActiveCfg = Debug|Any CPU
		{497943E7-F2A6-42EC-AF16-804AEB5C897D}.Debug|Any CPU.Build.0 = Debug|Any CPU
		{497943E7-F2A6-42EC-AF16-804AEB5C897D}.Debug|Mixed Platforms.ActiveCfg = Debug|Any CPU
		{497943E7-F2A6-42EC-AF16-804AEB5C897D}.Debug|Mixed Platforms.Build.0 = Debug|Any CPU
		{497943E7-F2A6-42EC-AF16-804AEB5C897D}.Debug|Win32.ActiveCfg = Debug|Any CPU
		{497943E7-F2A6-42EC-AF16-804AEB5C897D}.Release|Any CPU.ActiveCfg = Release|Any CPU
		{497943E7-F2A6-42EC-AF16-804AEB5C897D}.Release|Any CPU.Build.0 = Release|Any CPU
		{497943E7-F2A6-42EC-AF16-804AEB5C897D}.Release|Mixed Platforms.ActiveCfg = Release|Any CPU
		{497943E7-F2A6-42EC-AF16-804AEB5C897D}.Release|Mixed Platforms.Build.0 = Release|Any CPU
		{497943E7-F2A6-42EC-AF16-804AEB5C897D}.Release|Win32.ActiveCfg = Release|Any CPU
		{443B34D7-1E51-447E-941D-86DDF63D471C}.Debug|Any CPU.ActiveCfg = Debug|Any CPU
		{443B34D7-1E51-447E-941D-86DDF63D471C}.Debug|Any CPU.Build.0 = Debug|Any CPU
		{443B34D7-1E51-447E-941D-86DDF63D471C}.Debug|Mixed Platforms.ActiveCfg = Debug|Any CPU
		{443B34D7-1E51-447E-941D-86DDF63D471C}.Debug|Mixed Platforms.Build.0 = Debug|Any CPU
		{443B34D7-1E51-447E-941D-86DDF63D471C}.Debug|Win32.ActiveCfg = Debug|Any CPU
		{443B34D7-1E51-447E-941D-86DDF63D471C}.Release|Any CPU.ActiveCfg = Release|Any CPU
		{443B34D7-1E51-447E-941D-86DDF63D471C}.Release|Any CPU.Build.0 = Release|Any CPU
		{443B34D7-1E51-447E-941D-86DDF63D471C}.Release|Mixed Platforms.ActiveCfg = Release|Any CPU
		{443B34D7-1E51-447E-941D-86DDF63D471C}.Release|Mixed Platforms.Build.0 = Release|Any CPU
		{443B34D7-1E51-447E-941D-86DDF63D471C}.Release|Win32.ActiveCfg = Release|Any CPU
		{861B4209-391C-4FC2-9C83-1F0449359DDC}.Debug|Any CPU.ActiveCfg = Debug|Any CPU
		{861B4209-391C-4FC2-9C83-1F0449359DDC}.Debug|Any CPU.Build.0 = Debug|Any CPU
		{861B4209-391C-4FC2-9C83-1F0449359DDC}.Debug|Mixed Platforms.ActiveCfg = Debug|Any CPU
		{861B4209-391C-4FC2-9C83-1F0449359DDC}.Debug|Mixed Platforms.Build.0 = Debug|Any CPU
		{861B4209-391C-4FC2-9C83-1F0449359DDC}.Debug|Win32.ActiveCfg = Debug|Any CPU
		{861B4209-391C-4FC2-9C83-1F0449359DDC}.Release|Any CPU.ActiveCfg = Release|Any CPU
		{861B4209-391C-4FC2-9C83-1F0449359DDC}.Release|Any CPU.Build.0 = Release|Any CPU
		{861B4209-391C-4FC2-9C83-1F0449359DDC}.Release|Mixed Platforms.ActiveCfg = Release|Any CPU
		{861B4209-391C-4FC2-9C83-1F0449359DDC}.Release|Mixed Platforms.Build.0 = Release|Any CPU
		{861B4209-391C-4FC2-9C83-1F0449359DDC}.Release|Win32.ActiveCfg = Release|Any CPU
		{2A620FBF-4C68-486D-8319-E22530E079E4}.Debug|Any CPU.ActiveCfg = Debug|Any CPU
		{2A620FBF-4C68-486D-8319-E22530E079E4}.Debug|Any CPU.Build.0 = Debug|Any CPU
		{2A620FBF-4C68-486D-8319-E22530E079E4}.Debug|Mixed Platforms.ActiveCfg = Debug|Any CPU
		{2A620FBF-4C68-486D-8319-E22530E079E4}.Debug|Mixed Platforms.Build.0 = Debug|Any CPU
		{2A620FBF-4C68-486D-8319-E22530E079E4}.Debug|Win32.ActiveCfg = Debug|Any CPU
		{2A620FBF-4C68-486D-8319-E22530E079E4}.Release|Any CPU.ActiveCfg = Release|Any CPU
		{2A620FBF-4C68-486D-8319-E22530E079E4}.Release|Any CPU.Build.0 = Release|Any CPU
		{2A620FBF-4C68-486D-8319-E22530E079E4}.Release|Mixed Platforms.ActiveCfg = Release|Any CPU
		{2A620FBF-4C68-486D-8319-E22530E079E4}.Release|Mixed Platforms.Build.0 = Release|Any CPU
		{2A620FBF-4C68-486D-8319-E22530E079E4}.Release|Win32.ActiveCfg = Release|Any CPU
		{9AD865C6-5C1C-4CBE-B76D-31075FD6C252}.Debug|Any CPU.ActiveCfg = Debug|Any CPU
		{9AD865C6-5C1C-4CBE-B76D-31075FD6C252}.Debug|Any CPU.Build.0 = Debug|Any CPU
		{9AD865C6-5C1C-4CBE-B76D-31075FD6C252}.Debug|Mixed Platforms.ActiveCfg = Debug|Any CPU
		{9AD865C6-5C1C-4CBE-B76D-31075FD6C252}.Debug|Mixed Platforms.Build.0 = Debug|Any CPU
		{9AD865C6-5C1C-4CBE-B76D-31075FD6C252}.Debug|Win32.ActiveCfg = Debug|Any CPU
		{9AD865C6-5C1C-4CBE-B76D-31075FD6C252}.Release|Any CPU.ActiveCfg = Release|Any CPU
		{9AD865C6-5C1C-4CBE-B76D-31075FD6C252}.Release|Any CPU.Build.0 = Release|Any CPU
		{9AD865C6-5C1C-4CBE-B76D-31075FD6C252}.Release|Mixed Platforms.ActiveCfg = Release|Any CPU
		{9AD865C6-5C1C-4CBE-B76D-31075FD6C252}.Release|Mixed Platforms.Build.0 = Release|Any CPU
		{9AD865C6-5C1C-4CBE-B76D-31075FD6C252}.Release|Win32.ActiveCfg = Release|Any CPU
		{1C39DD88-9B43-4B0F-8CBC-226470B761A6}.Debug|Any CPU.ActiveCfg = Debug|Any CPU
		{1C39DD88-9B43-4B0F-8CBC-226470B761A6}.Debug|Any CPU.Build.0 = Debug|Any CPU
		{1C39DD88-9B43-4B0F-8CBC-226470B761A6}.Debug|Mixed Platforms.ActiveCfg = Debug|Any CPU
		{1C39DD88-9B43-4B0F-8CBC-226470B761A6}.Debug|Mixed Platforms.Build.0 = Debug|Any CPU
		{1C39DD88-9B43-4B0F-8CBC-226470B761A6}.Debug|Win32.ActiveCfg = Debug|Any CPU
		{1C39DD88-9B43-4B0F-8CBC-226470B761A6}.Release|Any CPU.ActiveCfg = Release|Any CPU
		{1C39DD88-9B43-4B0F-8CBC-226470B761A6}.Release|Any CPU.Build.0 = Release|Any CPU
		{1C39DD88-9B43-4B0F-8CBC-226470B761A6}.Release|Mixed Platforms.ActiveCfg = Release|Any CPU
		{1C39DD88-9B43-4B0F-8CBC-226470B761A6}.Release|Mixed Platforms.Build.0 = Release|Any CPU
		{1C39DD88-9B43-4B0F-8CBC-226470B761A6}.Release|Win32.ActiveCfg = Release|Any CPU
	EndGlobalSection
	GlobalSection(SolutionProperties) = preSolution
		HideSolutionNode = FALSE
	EndGlobalSection
	GlobalSection(NestedProjects) = preSolution
		{CE009BFA-5EF6-4153-B2A1-2FA79698A9AE} = {33FFCBD0-6414-4E64-9AFB-D1AFA146FAEB}
		{1C39DD88-9B43-4B0F-8CBC-226470B761A6} = {33FFCBD0-6414-4E64-9AFB-D1AFA146FAEB}
		{F4AE2316-359B-4A83-9361-2C1EBD701A62} = {0769A23B-9177-407E-A0A5-602D96AF517C}
		{33953F77-9F27-4BCA-BC38-5F70A38F30ED} = {0769A23B-9177-407E-A0A5-602D96AF517C}
		{497943E7-F2A6-42EC-AF16-804AEB5C897D} = {0769A23B-9177-407E-A0A5-602D96AF517C}
		{443B34D7-1E51-447E-941D-86DDF63D471C} = {0769A23B-9177-407E-A0A5-602D96AF517C}
		{9AD865C6-5C1C-4CBE-B76D-31075FD6C252} = {0769A23B-9177-407E-A0A5-602D96AF517C}
	EndGlobalSection
EndGlobal
